
Microsoft Visual Studio Solution File, Format Version 12.00
# Visual Studio Version 17
VisualStudioVersion = 17.8.34309.116
MinimumVisualStudioVersion = 10.0.40219.1
Project("{FAE04EC0-301F-11D3-BF4B-00C04F79EFBC}") = "LeagueWinRateVsSummoner", "LeagueWinRateVsSummoner.csproj", "{DC2B90F7-7D40-4C62-8CDB-D178B05BCFC7}"
EndProject
Global
	GlobalSection(SolutionConfigurationPlatforms) = preSolution
		Debug|Any CPU = Debug|Any CPU
		Release|Any CPU = Release|Any CPU
	EndGlobalSection
	GlobalSection(ProjectConfigurationPlatforms) = postSolution
		{DC2B90F7-7D40-4C62-8CDB-D178B05BCFC7}.Debug|Any CPU.ActiveCfg = Debug|Any CPU
		{DC2B90F7-7D40-4C62-8CDB-D178B05BCFC7}.Debug|Any CPU.Build.0 = Debug|Any CPU
		{DC2B90F7-7D40-4C62-8CDB-D178B05BCFC7}.Release|Any CPU.ActiveCfg = Release|Any CPU
		{DC2B90F7-7D40-4C62-8CDB-D178B05BCFC7}.Release|Any CPU.Build.0 = Release|Any CPU
	EndGlobalSection
	GlobalSection(SolutionProperties) = preSolution
		HideSolutionNode = FALSE
	EndGlobalSection
	GlobalSection(ExtensibilityGlobals) = postSolution
		SolutionGuid = {665E749F-AC52-4C89-B9BE-FB72F1C13BDD}
	EndGlobalSection
EndGlobal
